
Microsoft Visual Studio Solution File, Format Version 12.00
# Visual Studio Version 17
VisualStudioVersion = 17.9.34723.18
MinimumVisualStudioVersion = 10.0.40219.1
Project("{FAE04EC0-301F-11D3-BF4B-00C04F79EFBC}") = "APIPRUEBAS", "APIPRUEBAS\APIPRUEBAS.csproj", "{DA0B5D43-DAE1-4AF7-9D02-ED3CA53AB728}"
EndProject
Global
	GlobalSection(SolutionConfigurationPlatforms) = preSolution
		Debug|Any CPU = Debug|Any CPU
		Release|Any CPU = Release|Any CPU
	EndGlobalSection
	GlobalSection(ProjectConfigurationPlatforms) = postSolution
		{DA0B5D43-DAE1-4AF7-9D02-ED3CA53AB728}.Debug|Any CPU.ActiveCfg = Debug|Any CPU
		{DA0B5D43-DAE1-4AF7-9D02-ED3CA53AB728}.Debug|Any CPU.Build.0 = Debug|Any CPU
		{DA0B5D43-DAE1-4AF7-9D02-ED3CA53AB728}.Release|Any CPU.ActiveCfg = Release|Any CPU
		{DA0B5D43-DAE1-4AF7-9D02-ED3CA53AB728}.Release|Any CPU.Build.0 = Release|Any CPU
	EndGlobalSection
	GlobalSection(SolutionProperties) = preSolution
		HideSolutionNode = FALSE
	EndGlobalSection
	GlobalSection(ExtensibilityGlobals) = postSolution
		SolutionGuid = {D7FD0A5A-AF7C-46DE-BAFF-E55A495B114A}
	EndGlobalSection
EndGlobal
